
Microsoft Visual Studio Solution File, Format Version 12.00
# Visual Studio 2013
VisualStudioVersion = 12.0.30324.0
MinimumVisualStudioVersion = 10.0.40219.1
Project("{FAE04EC0-301F-11D3-BF4B-00C04F79EFBC}") = "1.2-3.SmallestValue", "1.2-3.SmallestValue\1.2-3.SmallestValue.csproj", "{A9679023-E79B-4F04-A0B1-DD35D2B36E6F}"
EndProject
Project("{FAE04EC0-301F-11D3-BF4B-00C04F79EFBC}") = "1.2-2.MergeInsertionStep", "1.2-2.MergeInsertionStep\1.2-2.MergeInsertionStep.csproj", "{9AE61176-A05E-4238-AC4E-59AC29135AD3}"
EndProject
Global
	GlobalSection(SolutionConfigurationPlatforms) = preSolution
		Debug|Any CPU = Debug|Any CPU
		Release|Any CPU = Release|Any CPU
	EndGlobalSection
	GlobalSection(ProjectConfigurationPlatforms) = postSolution
		{A9679023-E79B-4F04-A0B1-DD35D2B36E6F}.Debug|Any CPU.ActiveCfg = Debug|Any CPU
		{A9679023-E79B-4F04-A0B1-DD35D2B36E6F}.Debug|Any CPU.Build.0 = Debug|Any CPU
		{A9679023-E79B-4F04-A0B1-DD35D2B36E6F}.Release|Any CPU.ActiveCfg = Release|Any CPU
		{A9679023-E79B-4F04-A0B1-DD35D2B36E6F}.Release|Any CPU.Build.0 = Release|Any CPU
		{9AE61176-A05E-4238-AC4E-59AC29135AD3}.Debug|Any CPU.ActiveCfg = Debug|Any CPU
		{9AE61176-A05E-4238-AC4E-59AC29135AD3}.Debug|Any CPU.Build.0 = Debug|Any CPU
		{9AE61176-A05E-4238-AC4E-59AC29135AD3}.Release|Any CPU.ActiveCfg = Release|Any CPU
		{9AE61176-A05E-4238-AC4E-59AC29135AD3}.Release|Any CPU.Build.0 = Release|Any CPU
	EndGlobalSection
	GlobalSection(SolutionProperties) = preSolution
		HideSolutionNode = FALSE
	EndGlobalSection
EndGlobal
