
Microsoft Visual Studio Solution File, Format Version 12.00
# Visual Studio 2013
VisualStudioVersion = 12.0.31101.0
MinimumVisualStudioVersion = 10.0.40219.1
Project("{FAE04EC0-301F-11D3-BF4B-00C04F79EFBC}") = "Quicksort", "Quicksort\Quicksort.csproj", "{B8BDD378-0922-4402-A253-39BE524CE5D8}"
EndProject
Project("{FAE04EC0-301F-11D3-BF4B-00C04F79EFBC}") = "ListImplementation", "ListImplementation\ListImplementation.csproj", "{CE6FC045-FADC-4FEA-A676-F3E1C2DB70CA}"
EndProject
Project("{FAE04EC0-301F-11D3-BF4B-00C04F79EFBC}") = "DecreasingQuicksort", "DecreasingQuicksort\DecreasingQuicksort.csproj", "{831DA541-9862-491C-9819-0DAC1D0072BE}"
EndProject
Global
	GlobalSection(SolutionConfigurationPlatforms) = preSolution
		Debug|Any CPU = Debug|Any CPU
		Release|Any CPU = Release|Any CPU
	EndGlobalSection
	GlobalSection(ProjectConfigurationPlatforms) = postSolution
		{B8BDD378-0922-4402-A253-39BE524CE5D8}.Debug|Any CPU.ActiveCfg = Debug|Any CPU
		{B8BDD378-0922-4402-A253-39BE524CE5D8}.Debug|Any CPU.Build.0 = Debug|Any CPU
		{B8BDD378-0922-4402-A253-39BE524CE5D8}.Release|Any CPU.ActiveCfg = Release|Any CPU
		{B8BDD378-0922-4402-A253-39BE524CE5D8}.Release|Any CPU.Build.0 = Release|Any CPU
		{CE6FC045-FADC-4FEA-A676-F3E1C2DB70CA}.Debug|Any CPU.ActiveCfg = Debug|Any CPU
		{CE6FC045-FADC-4FEA-A676-F3E1C2DB70CA}.Debug|Any CPU.Build.0 = Debug|Any CPU
		{CE6FC045-FADC-4FEA-A676-F3E1C2DB70CA}.Release|Any CPU.ActiveCfg = Release|Any CPU
		{CE6FC045-FADC-4FEA-A676-F3E1C2DB70CA}.Release|Any CPU.Build.0 = Release|Any CPU
		{831DA541-9862-491C-9819-0DAC1D0072BE}.Debug|Any CPU.ActiveCfg = Debug|Any CPU
		{831DA541-9862-491C-9819-0DAC1D0072BE}.Debug|Any CPU.Build.0 = Debug|Any CPU
		{831DA541-9862-491C-9819-0DAC1D0072BE}.Release|Any CPU.ActiveCfg = Release|Any CPU
		{831DA541-9862-491C-9819-0DAC1D0072BE}.Release|Any CPU.Build.0 = Release|Any CPU
	EndGlobalSection
	GlobalSection(SolutionProperties) = preSolution
		HideSolutionNode = FALSE
	EndGlobalSection
EndGlobal
