
Microsoft Visual Studio Solution File, Format Version 12.00
# Visual Studio 2013
VisualStudioVersion = 12.0.30324.0
MinimumVisualStudioVersion = 10.0.40219.1
Project("{FAE04EC0-301F-11D3-BF4B-00C04F79EFBC}") = "1.2-2.MergeInsertionStep", "1.2-2.MergeInsertionStep\1.2-2.MergeInsertionStep.csproj", "{9AE61176-A05E-4238-AC4E-59AC29135AD3}"
EndProject
Project("{FAE04EC0-301F-11D3-BF4B-00C04F79EFBC}") = "1.2-3.SmallestValue", "1.2-3.SmallestValue\1.2-3.SmallestValue.csproj", "{A9679023-E79B-4F04-A0B1-DD35D2B36E6F}"
EndProject
Project("{FAE04EC0-301F-11D3-BF4B-00C04F79EFBC}") = "2.1-2.DescendingInsertionSort", "2.1-2.DescendingInsertionSort\2.1-2.DescendingInsertionSort.csproj", "{198832E4-ED0E-4894-860B-B0C51682BA25}"
EndProject
Project("{FAE04EC0-301F-11D3-BF4B-00C04F79EFBC}") = "2.1-3.SearchingProblem", "2.1-3.SearchingProblem\2.1-3.SearchingProblem.csproj", "{A181CC0D-5EE7-4BD9-A688-DA116274BF0E}"
EndProject
Project("{FAE04EC0-301F-11D3-BF4B-00C04F79EFBC}") = "2.1-4.AddingTwoBinaryDigits", "2.1-4.AddingTwoBinaryDigits\2.1-4.AddingTwoBinaryDigits.csproj", "{34BF7394-3698-4D3A-908D-2CD7047E4338}"
EndProject
Project("{FAE04EC0-301F-11D3-BF4B-00C04F79EFBC}") = "2.3-2.MergeSort", "2.3-2 MergeSort\2.3-2.MergeSort.csproj", "{6D28C922-6FE9-405B-B537-ECBFC76CD1A3}"
EndProject
Project("{FAE04EC0-301F-11D3-BF4B-00C04F79EFBC}") = "2.3-4.RecursiveInsertionSort", "2.3-4 RecursiveInsertionSort\2.3-4.RecursiveInsertionSort.csproj", "{E2105947-BC14-4A96-A32B-D9A1B33EFFED}"
EndProject
Project("{FAE04EC0-301F-11D3-BF4B-00C04F79EFBC}") = "2.3-5.BinarySearch", "2.3-5 BinarySearch\2.3-5.BinarySearch.csproj", "{56120390-7DFE-4ACF-A05A-74F2E0BAD5C9}"
EndProject
Project("{FAE04EC0-301F-11D3-BF4B-00C04F79EFBC}") = "2.3-7.SumOfTwoIntegersInArray", "2.3-7 SumOfTwoIntegersInArray\2.3-7.SumOfTwoIntegersInArray.csproj", "{7EBD644D-7054-4745-A1A9-D2AB4D005210}"
EndProject
Project("{FAE04EC0-301F-11D3-BF4B-00C04F79EFBC}") = "2.2-2.SelectionSort", "2.2-2 SelectionSort\2.2-2.SelectionSort.csproj", "{0F6AFAB7-9546-4B75-8ECC-441C212C1686}"
EndProject
Project("{FAE04EC0-301F-11D3-BF4B-00C04F79EFBC}") = "2-2.Correctness of bubblesort", "2-2.CorrectnessOfBubblesort\2-2.Correctness of bubblesort.csproj", "{AA2C62FA-77FB-4DD3-B5BB-3CA40CE44452}"
EndProject
Project("{FAE04EC0-301F-11D3-BF4B-00C04F79EFBC}") = "InsertionSort", "InsertionSort\InsertionSort.csproj", "{BAF792E0-58A0-43E7-9FCD-AFCA0EA42F0A}"
EndProject
Project("{FAE04EC0-301F-11D3-BF4B-00C04F79EFBC}") = "4.1-2.BruteForceMaxSubarray", "4.1-2.BruteForceMaxSubarray\4.1-2.BruteForceMaxSubarray.csproj", "{2737975D-EBFF-4240-A592-9A4857597A17}"
EndProject
Project("{FAE04EC0-301F-11D3-BF4B-00C04F79EFBC}") = "4.2.StrassenMatrixMultiplication", "4.2.StrassenMatrixMultiplication\4.2.StrassenMatrixMultiplication.csproj", "{1A393BD4-92C7-485B-A26D-45691D63FE6A}"
EndProject
Project("{FAE04EC0-301F-11D3-BF4B-00C04F79EFBC}") = "4.2-7.ComplexNumbersMultiplication", "4.2-7.ComplexNumbersMultiplication\4.2-7.ComplexNumbersMultiplication.csproj", "{95D3C649-C5E1-47C3-87B4-0998BA086E53}"
EndProject
Project("{FAE04EC0-301F-11D3-BF4B-00C04F79EFBC}") = "4.6.MongeArray", "4.6.MongeArray\4.6.MongeArray.csproj", "{94A68018-FC2F-40CB-B656-05CAA448961A}"
EndProject
Project("{FAE04EC0-301F-11D3-BF4B-00C04F79EFBC}") = "RandomHireAssistant", "RandomHireAssistand\RandomHireAssistant.csproj", "{21D435CD-2CAA-4DC6-AD32-A66826165BDD}"
EndProject
Project("{FAE04EC0-301F-11D3-BF4B-00C04F79EFBC}") = "PermuteBySorting", "PermuteBySorting\PermuteBySorting.csproj", "{F6A54FB3-27B9-4EC5-BF5D-5F28A689BA54}"
EndProject
Project("{FAE04EC0-301F-11D3-BF4B-00C04F79EFBC}") = "RandomizeInPlace", "RandomizeInPlace\RandomizeInPlace.csproj", "{C546BDA1-B35C-4DFA-A9EC-DCA4B988DF00}"
EndProject
Project("{FAE04EC0-301F-11D3-BF4B-00C04F79EFBC}") = "5.3-2.PermuteWithoutIdentity", "5.3-2.PermuteWithoutIdentity\5.3-2.PermuteWithoutIdentity.csproj", "{A45BAFEF-9197-4412-BC05-EC3FA32C227D}"
EndProject
Project("{FAE04EC0-301F-11D3-BF4B-00C04F79EFBC}") = "5.3-3.PermuteWithAll", "5.3-3.PermuteWithAll\5.3-3.PermuteWithAll.csproj", "{1E9464D8-17C1-4406-9EA0-906A5346B0BE}"
EndProject
Global
	GlobalSection(SolutionConfigurationPlatforms) = preSolution
		Debug|Any CPU = Debug|Any CPU
		Release|Any CPU = Release|Any CPU
	EndGlobalSection
	GlobalSection(ProjectConfigurationPlatforms) = postSolution
		{9AE61176-A05E-4238-AC4E-59AC29135AD3}.Debug|Any CPU.ActiveCfg = Debug|Any CPU
		{9AE61176-A05E-4238-AC4E-59AC29135AD3}.Debug|Any CPU.Build.0 = Debug|Any CPU
		{9AE61176-A05E-4238-AC4E-59AC29135AD3}.Release|Any CPU.ActiveCfg = Release|Any CPU
		{9AE61176-A05E-4238-AC4E-59AC29135AD3}.Release|Any CPU.Build.0 = Release|Any CPU
		{A9679023-E79B-4F04-A0B1-DD35D2B36E6F}.Debug|Any CPU.ActiveCfg = Debug|Any CPU
		{A9679023-E79B-4F04-A0B1-DD35D2B36E6F}.Debug|Any CPU.Build.0 = Debug|Any CPU
		{A9679023-E79B-4F04-A0B1-DD35D2B36E6F}.Release|Any CPU.ActiveCfg = Release|Any CPU
		{A9679023-E79B-4F04-A0B1-DD35D2B36E6F}.Release|Any CPU.Build.0 = Release|Any CPU
		{198832E4-ED0E-4894-860B-B0C51682BA25}.Debug|Any CPU.ActiveCfg = Debug|Any CPU
		{198832E4-ED0E-4894-860B-B0C51682BA25}.Debug|Any CPU.Build.0 = Debug|Any CPU
		{198832E4-ED0E-4894-860B-B0C51682BA25}.Release|Any CPU.ActiveCfg = Release|Any CPU
		{198832E4-ED0E-4894-860B-B0C51682BA25}.Release|Any CPU.Build.0 = Release|Any CPU
		{A181CC0D-5EE7-4BD9-A688-DA116274BF0E}.Debug|Any CPU.ActiveCfg = Debug|Any CPU
		{A181CC0D-5EE7-4BD9-A688-DA116274BF0E}.Debug|Any CPU.Build.0 = Debug|Any CPU
		{A181CC0D-5EE7-4BD9-A688-DA116274BF0E}.Release|Any CPU.ActiveCfg = Release|Any CPU
		{A181CC0D-5EE7-4BD9-A688-DA116274BF0E}.Release|Any CPU.Build.0 = Release|Any CPU
		{34BF7394-3698-4D3A-908D-2CD7047E4338}.Debug|Any CPU.ActiveCfg = Debug|Any CPU
		{34BF7394-3698-4D3A-908D-2CD7047E4338}.Debug|Any CPU.Build.0 = Debug|Any CPU
		{34BF7394-3698-4D3A-908D-2CD7047E4338}.Release|Any CPU.ActiveCfg = Release|Any CPU
		{34BF7394-3698-4D3A-908D-2CD7047E4338}.Release|Any CPU.Build.0 = Release|Any CPU
		{6D28C922-6FE9-405B-B537-ECBFC76CD1A3}.Debug|Any CPU.ActiveCfg = Debug|Any CPU
		{6D28C922-6FE9-405B-B537-ECBFC76CD1A3}.Debug|Any CPU.Build.0 = Debug|Any CPU
		{6D28C922-6FE9-405B-B537-ECBFC76CD1A3}.Release|Any CPU.ActiveCfg = Release|Any CPU
		{6D28C922-6FE9-405B-B537-ECBFC76CD1A3}.Release|Any CPU.Build.0 = Release|Any CPU
		{E2105947-BC14-4A96-A32B-D9A1B33EFFED}.Debug|Any CPU.ActiveCfg = Debug|Any CPU
		{E2105947-BC14-4A96-A32B-D9A1B33EFFED}.Debug|Any CPU.Build.0 = Debug|Any CPU
		{E2105947-BC14-4A96-A32B-D9A1B33EFFED}.Release|Any CPU.ActiveCfg = Release|Any CPU
		{E2105947-BC14-4A96-A32B-D9A1B33EFFED}.Release|Any CPU.Build.0 = Release|Any CPU
		{56120390-7DFE-4ACF-A05A-74F2E0BAD5C9}.Debug|Any CPU.ActiveCfg = Debug|Any CPU
		{56120390-7DFE-4ACF-A05A-74F2E0BAD5C9}.Debug|Any CPU.Build.0 = Debug|Any CPU
		{56120390-7DFE-4ACF-A05A-74F2E0BAD5C9}.Release|Any CPU.ActiveCfg = Release|Any CPU
		{56120390-7DFE-4ACF-A05A-74F2E0BAD5C9}.Release|Any CPU.Build.0 = Release|Any CPU
		{7EBD644D-7054-4745-A1A9-D2AB4D005210}.Debug|Any CPU.ActiveCfg = Debug|Any CPU
		{7EBD644D-7054-4745-A1A9-D2AB4D005210}.Debug|Any CPU.Build.0 = Debug|Any CPU
		{7EBD644D-7054-4745-A1A9-D2AB4D005210}.Release|Any CPU.ActiveCfg = Release|Any CPU
		{7EBD644D-7054-4745-A1A9-D2AB4D005210}.Release|Any CPU.Build.0 = Release|Any CPU
		{0F6AFAB7-9546-4B75-8ECC-441C212C1686}.Debug|Any CPU.ActiveCfg = Debug|Any CPU
		{0F6AFAB7-9546-4B75-8ECC-441C212C1686}.Debug|Any CPU.Build.0 = Debug|Any CPU
		{0F6AFAB7-9546-4B75-8ECC-441C212C1686}.Release|Any CPU.ActiveCfg = Release|Any CPU
		{0F6AFAB7-9546-4B75-8ECC-441C212C1686}.Release|Any CPU.Build.0 = Release|Any CPU
		{AA2C62FA-77FB-4DD3-B5BB-3CA40CE44452}.Debug|Any CPU.ActiveCfg = Debug|Any CPU
		{AA2C62FA-77FB-4DD3-B5BB-3CA40CE44452}.Debug|Any CPU.Build.0 = Debug|Any CPU
		{AA2C62FA-77FB-4DD3-B5BB-3CA40CE44452}.Release|Any CPU.ActiveCfg = Release|Any CPU
		{AA2C62FA-77FB-4DD3-B5BB-3CA40CE44452}.Release|Any CPU.Build.0 = Release|Any CPU
		{BAF792E0-58A0-43E7-9FCD-AFCA0EA42F0A}.Debug|Any CPU.ActiveCfg = Debug|Any CPU
		{BAF792E0-58A0-43E7-9FCD-AFCA0EA42F0A}.Debug|Any CPU.Build.0 = Debug|Any CPU
		{BAF792E0-58A0-43E7-9FCD-AFCA0EA42F0A}.Release|Any CPU.ActiveCfg = Release|Any CPU
		{BAF792E0-58A0-43E7-9FCD-AFCA0EA42F0A}.Release|Any CPU.Build.0 = Release|Any CPU
		{2737975D-EBFF-4240-A592-9A4857597A17}.Debug|Any CPU.ActiveCfg = Debug|Any CPU
		{2737975D-EBFF-4240-A592-9A4857597A17}.Debug|Any CPU.Build.0 = Debug|Any CPU
		{2737975D-EBFF-4240-A592-9A4857597A17}.Release|Any CPU.ActiveCfg = Release|Any CPU
		{2737975D-EBFF-4240-A592-9A4857597A17}.Release|Any CPU.Build.0 = Release|Any CPU
		{1A393BD4-92C7-485B-A26D-45691D63FE6A}.Debug|Any CPU.ActiveCfg = Debug|Any CPU
		{1A393BD4-92C7-485B-A26D-45691D63FE6A}.Debug|Any CPU.Build.0 = Debug|Any CPU
		{1A393BD4-92C7-485B-A26D-45691D63FE6A}.Release|Any CPU.ActiveCfg = Release|Any CPU
		{1A393BD4-92C7-485B-A26D-45691D63FE6A}.Release|Any CPU.Build.0 = Release|Any CPU
		{95D3C649-C5E1-47C3-87B4-0998BA086E53}.Debug|Any CPU.ActiveCfg = Debug|Any CPU
		{95D3C649-C5E1-47C3-87B4-0998BA086E53}.Debug|Any CPU.Build.0 = Debug|Any CPU
		{95D3C649-C5E1-47C3-87B4-0998BA086E53}.Release|Any CPU.ActiveCfg = Release|Any CPU
		{95D3C649-C5E1-47C3-87B4-0998BA086E53}.Release|Any CPU.Build.0 = Release|Any CPU
		{94A68018-FC2F-40CB-B656-05CAA448961A}.Debug|Any CPU.ActiveCfg = Debug|Any CPU
		{94A68018-FC2F-40CB-B656-05CAA448961A}.Debug|Any CPU.Build.0 = Debug|Any CPU
		{94A68018-FC2F-40CB-B656-05CAA448961A}.Release|Any CPU.ActiveCfg = Release|Any CPU
		{94A68018-FC2F-40CB-B656-05CAA448961A}.Release|Any CPU.Build.0 = Release|Any CPU
		{21D435CD-2CAA-4DC6-AD32-A66826165BDD}.Debug|Any CPU.ActiveCfg = Debug|Any CPU
		{21D435CD-2CAA-4DC6-AD32-A66826165BDD}.Debug|Any CPU.Build.0 = Debug|Any CPU
		{21D435CD-2CAA-4DC6-AD32-A66826165BDD}.Release|Any CPU.ActiveCfg = Release|Any CPU
		{21D435CD-2CAA-4DC6-AD32-A66826165BDD}.Release|Any CPU.Build.0 = Release|Any CPU
		{F6A54FB3-27B9-4EC5-BF5D-5F28A689BA54}.Debug|Any CPU.ActiveCfg = Debug|Any CPU
		{F6A54FB3-27B9-4EC5-BF5D-5F28A689BA54}.Debug|Any CPU.Build.0 = Debug|Any CPU
		{F6A54FB3-27B9-4EC5-BF5D-5F28A689BA54}.Release|Any CPU.ActiveCfg = Release|Any CPU
		{F6A54FB3-27B9-4EC5-BF5D-5F28A689BA54}.Release|Any CPU.Build.0 = Release|Any CPU
		{C546BDA1-B35C-4DFA-A9EC-DCA4B988DF00}.Debug|Any CPU.ActiveCfg = Debug|Any CPU
		{C546BDA1-B35C-4DFA-A9EC-DCA4B988DF00}.Debug|Any CPU.Build.0 = Debug|Any CPU
		{C546BDA1-B35C-4DFA-A9EC-DCA4B988DF00}.Release|Any CPU.ActiveCfg = Release|Any CPU
		{C546BDA1-B35C-4DFA-A9EC-DCA4B988DF00}.Release|Any CPU.Build.0 = Release|Any CPU
		{A45BAFEF-9197-4412-BC05-EC3FA32C227D}.Debug|Any CPU.ActiveCfg = Debug|Any CPU
		{A45BAFEF-9197-4412-BC05-EC3FA32C227D}.Debug|Any CPU.Build.0 = Debug|Any CPU
		{A45BAFEF-9197-4412-BC05-EC3FA32C227D}.Release|Any CPU.ActiveCfg = Release|Any CPU
		{A45BAFEF-9197-4412-BC05-EC3FA32C227D}.Release|Any CPU.Build.0 = Release|Any CPU
		{1E9464D8-17C1-4406-9EA0-906A5346B0BE}.Debug|Any CPU.ActiveCfg = Debug|Any CPU
		{1E9464D8-17C1-4406-9EA0-906A5346B0BE}.Debug|Any CPU.Build.0 = Debug|Any CPU
		{1E9464D8-17C1-4406-9EA0-906A5346B0BE}.Release|Any CPU.ActiveCfg = Release|Any CPU
		{1E9464D8-17C1-4406-9EA0-906A5346B0BE}.Release|Any CPU.Build.0 = Release|Any CPU
	EndGlobalSection
	GlobalSection(SolutionProperties) = preSolution
		HideSolutionNode = FALSE
	EndGlobalSection
EndGlobal
