
Microsoft Visual Studio Solution File, Format Version 12.00
# Visual Studio 2013
VisualStudioVersion = 12.0.30324.0
MinimumVisualStudioVersion = 10.0.40219.1
Project("{FAE04EC0-301F-11D3-BF4B-00C04F79EFBC}") = "2-2.Correctness of bubblesort", "GettingStartedProblems\2-2.Correctness of bubblesort.csproj", "{AA2C62FA-77FB-4DD3-B5BB-3CA40CE44452}"
EndProject
Global
	GlobalSection(SolutionConfigurationPlatforms) = preSolution
		Debug|Any CPU = Debug|Any CPU
		Release|Any CPU = Release|Any CPU
	EndGlobalSection
	GlobalSection(ProjectConfigurationPlatforms) = postSolution
		{AA2C62FA-77FB-4DD3-B5BB-3CA40CE44452}.Debug|Any CPU.ActiveCfg = Debug|Any CPU
		{AA2C62FA-77FB-4DD3-B5BB-3CA40CE44452}.Debug|Any CPU.Build.0 = Debug|Any CPU
		{AA2C62FA-77FB-4DD3-B5BB-3CA40CE44452}.Release|Any CPU.ActiveCfg = Release|Any CPU
		{AA2C62FA-77FB-4DD3-B5BB-3CA40CE44452}.Release|Any CPU.Build.0 = Release|Any CPU
	EndGlobalSection
	GlobalSection(SolutionProperties) = preSolution
		HideSolutionNode = FALSE
	EndGlobalSection
EndGlobal
